// !$*UTF8*$!
{
	archiveVersion = 1;
	classes = {
	};
	objectVersion = 56;
	objects = {

/* Begin PBXBuildFile section */
		B63D5ADF29D60AE6001A12BA /* Helpers.swift in Sources */ = {isa = PBXBuildFile; fileRef = B63D5ADE29D60AE6001A12BA /* Helpers.swift */; };
		B6AC8E9729C52E6D00B0DCC4 /* Rhythm_SnapApp.swift in Sources */ = {isa = PBXBuildFile; fileRef = B6AC8E9629C52E6D00B0DCC4 /* Rhythm_SnapApp.swift */; };
		B6AC8E9929C52E6D00B0DCC4 /* ContentView.swift in Sources */ = {isa = PBXBuildFile; fileRef = B6AC8E9829C52E6D00B0DCC4 /* ContentView.swift */; };
		B6AC8E9B29C52E7000B0DCC4 /* Assets.xcassets in Resources */ = {isa = PBXBuildFile; fileRef = B6AC8E9A29C52E7000B0DCC4 /* Assets.xcassets */; };
		B6AC8E9E29C52E7000B0DCC4 /* Preview Assets.xcassets in Resources */ = {isa = PBXBuildFile; fileRef = B6AC8E9D29C52E7000B0DCC4 /* Preview Assets.xcassets */; };
		B6ACCE1E29D7F92900E2D324 /* BPM Stuff.swift in Sources */ = {isa = PBXBuildFile; fileRef = B6ACCE1D29D7F92900E2D324 /* BPM Stuff.swift */; };
		B6FBF04D29C60D3C002CF067 /* CameraView.swift in Sources */ = {isa = PBXBuildFile; fileRef = B6FBF04C29C60D3C002CF067 /* CameraView.swift */; };
		B6FBF04F29C60D61002CF067 /* CameraViewController.swift in Sources */ = {isa = PBXBuildFile; fileRef = B6FBF04E29C60D61002CF067 /* CameraViewController.swift */; };
		B6FBF05129C60D81002CF067 /* CameraPreview.swift in Sources */ = {isa = PBXBuildFile; fileRef = B6FBF05029C60D81002CF067 /* CameraPreview.swift */; };
		B6FBF05329C60DB5002CF067 /* FireWorks.swift in Sources */ = {isa = PBXBuildFile; fileRef = B6FBF05229C60DB5002CF067 /* FireWorks.swift */; };
		B6FBF05729C629E1002CF067 /* HandGestureProcessor.swift in Sources */ = {isa = PBXBuildFile; fileRef = B6FBF05629C629E1002CF067 /* HandGestureProcessor.swift */; };
/* End PBXBuildFile section */

/* Begin PBXFileReference section */
		B63D5ADE29D60AE6001A12BA /* Helpers.swift */ = {isa = PBXFileReference; lastKnownFileType = sourcecode.swift; path = Helpers.swift; sourceTree = "<group>"; };
		B6AC8E9329C52E6D00B0DCC4 /* Rhythm Snap.app */ = {isa = PBXFileReference; explicitFileType = wrapper.application; includeInIndex = 0; path = "Rhythm Snap.app"; sourceTree = BUILT_PRODUCTS_DIR; };
		B6AC8E9629C52E6D00B0DCC4 /* Rhythm_SnapApp.swift */ = {isa = PBXFileReference; lastKnownFileType = sourcecode.swift; path = Rhythm_SnapApp.swift; sourceTree = "<group>"; };
		B6AC8E9829C52E6D00B0DCC4 /* ContentView.swift */ = {isa = PBXFileReference; lastKnownFileType = sourcecode.swift; path = ContentView.swift; sourceTree = "<group>"; };
		B6AC8E9A29C52E7000B0DCC4 /* Assets.xcassets */ = {isa = PBXFileReference; lastKnownFileType = folder.assetcatalog; path = Assets.xcassets; sourceTree = "<group>"; };
		B6AC8E9D29C52E7000B0DCC4 /* Preview Assets.xcassets */ = {isa = PBXFileReference; lastKnownFileType = folder.assetcatalog; path = "Preview Assets.xcassets"; sourceTree = "<group>"; };
		B6ACCE1D29D7F92900E2D324 /* BPM Stuff.swift */ = {isa = PBXFileReference; lastKnownFileType = sourcecode.swift; path = "BPM Stuff.swift"; sourceTree = "<group>"; };
		B6FBF04C29C60D3C002CF067 /* CameraView.swift */ = {isa = PBXFileReference; lastKnownFileType = sourcecode.swift; path = CameraView.swift; sourceTree = "<group>"; };
		B6FBF04E29C60D61002CF067 /* CameraViewController.swift */ = {isa = PBXFileReference; lastKnownFileType = sourcecode.swift; path = CameraViewController.swift; sourceTree = "<group>"; };
		B6FBF05029C60D81002CF067 /* CameraPreview.swift */ = {isa = PBXFileReference; lastKnownFileType = sourcecode.swift; path = CameraPreview.swift; sourceTree = "<group>"; };
		B6FBF05229C60DB5002CF067 /* FireWorks.swift */ = {isa = PBXFileReference; lastKnownFileType = sourcecode.swift; path = FireWorks.swift; sourceTree = "<group>"; };
		B6FBF05629C629E1002CF067 /* HandGestureProcessor.swift */ = {isa = PBXFileReference; lastKnownFileType = sourcecode.swift; path = HandGestureProcessor.swift; sourceTree = "<group>"; };
/* End PBXFileReference section */

/* Begin PBXFrameworksBuildPhase section */
		B6AC8E9029C52E6D00B0DCC4 /* Frameworks */ = {
			isa = PBXFrameworksBuildPhase;
			buildActionMask = 2147483647;
			files = (
			);
			runOnlyForDeploymentPostprocessing = 0;
		};
/* End PBXFrameworksBuildPhase section */

/* Begin PBXGroup section */
		B6AC8E8A29C52E6D00B0DCC4 = {
			isa = PBXGroup;
			children = (
				B6AC8E9529C52E6D00B0DCC4 /* Rhythm Snap */,
				B6AC8E9429C52E6D00B0DCC4 /* Products */,
			);
			sourceTree = "<group>";
		};
		B6AC8E9429C52E6D00B0DCC4 /* Products */ = {
			isa = PBXGroup;
			children = (
				B6AC8E9329C52E6D00B0DCC4 /* Rhythm Snap.app */,
			);
			name = Products;
			sourceTree = "<group>";
		};
		B6AC8E9529C52E6D00B0DCC4 /* Rhythm Snap */ = {
			isa = PBXGroup;
			children = (
				B6AC8E9629C52E6D00B0DCC4 /* Rhythm_SnapApp.swift */,
				B6AC8E9829C52E6D00B0DCC4 /* ContentView.swift */,
				B6FBF04B29C60C6C002CF067 /* Camera */,
				B6CBC18729D80E8900BF6896 /* Models */,
				B6AC8E9A29C52E7000B0DCC4 /* Assets.xcassets */,
				B6AC8E9C29C52E7000B0DCC4 /* Preview Content */,
			);
			path = "Rhythm Snap";
			sourceTree = "<group>";
		};
		B6AC8E9C29C52E7000B0DCC4 /* Preview Content */ = {
			isa = PBXGroup;
			children = (
				B6AC8E9D29C52E7000B0DCC4 /* Preview Assets.xcassets */,
			);
			path = "Preview Content";
			sourceTree = "<group>";
		};
		B6CBC18729D80E8900BF6896 /* Models */ = {
			isa = PBXGroup;
			children = (
				B6FBF05629C629E1002CF067 /* HandGestureProcessor.swift */,
				B63D5ADE29D60AE6001A12BA /* Helpers.swift */,
				B6FBF05229C60DB5002CF067 /* FireWorks.swift */,
				B6ACCE1D29D7F92900E2D324 /* BPM Stuff.swift */,
			);
			path = Models;
			sourceTree = "<group>";
		};
		B6FBF04B29C60C6C002CF067 /* Camera */ = {
			isa = PBXGroup;
			children = (
				B6FBF04C29C60D3C002CF067 /* CameraView.swift */,
				B6FBF04E29C60D61002CF067 /* CameraViewController.swift */,
				B6FBF05029C60D81002CF067 /* CameraPreview.swift */,
			);
			path = Camera;
			sourceTree = "<group>";
		};
/* End PBXGroup section */

/* Begin PBXNativeTarget section */
		B6AC8E9229C52E6D00B0DCC4 /* Rhythm Snap */ = {
			isa = PBXNativeTarget;
			buildConfigurationList = B6AC8EA129C52E7000B0DCC4 /* Build configuration list for PBXNativeTarget "Rhythm Snap" */;
			buildPhases = (
				B6AC8E8F29C52E6D00B0DCC4 /* Sources */,
				B6AC8E9029C52E6D00B0DCC4 /* Frameworks */,
				B6AC8E9129C52E6D00B0DCC4 /* Resources */,
			);
			buildRules = (
			);
			dependencies = (
			);
			name = "Rhythm Snap";
			productName = "Rhythm Snap";
			productReference = B6AC8E9329C52E6D00B0DCC4 /* Rhythm Snap.app */;
			productType = "com.apple.product-type.application";
		};
/* End PBXNativeTarget section */

/* Begin PBXProject section */
		B6AC8E8B29C52E6D00B0DCC4 /* Project object */ = {
			isa = PBXProject;
			attributes = {
				BuildIndependentTargetsInParallel = 1;
				LastSwiftUpdateCheck = 1420;
				LastUpgradeCheck = 1420;
				TargetAttributes = {
					B6AC8E9229C52E6D00B0DCC4 = {
						CreatedOnToolsVersion = 14.2;
					};
				};
			};
			buildConfigurationList = B6AC8E8E29C52E6D00B0DCC4 /* Build configuration list for PBXProject "Rhythm Snap" */;
			compatibilityVersion = "Xcode 14.0";
			developmentRegion = en;
			hasScannedForEncodings = 0;
			knownRegions = (
				en,
				Base,
			);
			mainGroup = B6AC8E8A29C52E6D00B0DCC4;
			productRefGroup = B6AC8E9429C52E6D00B0DCC4 /* Products */;
			projectDirPath = "";
			projectRoot = "";
			targets = (
				B6AC8E9229C52E6D00B0DCC4 /* Rhythm Snap */,
			);
		};
/* End PBXProject section */

/* Begin PBXResourcesBuildPhase section */
		B6AC8E9129C52E6D00B0DCC4 /* Resources */ = {
			isa = PBXResourcesBuildPhase;
			buildActionMask = 2147483647;
			files = (
				B6AC8E9E29C52E7000B0DCC4 /* Preview Assets.xcassets in Resources */,
				B6AC8E9B29C52E7000B0DCC4 /* Assets.xcassets in Resources */,
			);
			runOnlyForDeploymentPostprocessing = 0;
		};
/* End PBXResourcesBuildPhase section */

/* Begin PBXSourcesBuildPhase section */
		B6AC8E8F29C52E6D00B0DCC4 /* Sources */ = {
			isa = PBXSourcesBuildPhase;
			buildActionMask = 2147483647;
			files = (
				B6FBF05129C60D81002CF067 /* CameraPreview.swift in Sources */,
				B6FBF04D29C60D3C002CF067 /* CameraView.swift in Sources */,
				B6ACCE1E29D7F92900E2D324 /* BPM Stuff.swift in Sources */,
				B6FBF05729C629E1002CF067 /* HandGestureProcessor.swift in Sources */,
				B63D5ADF29D60AE6001A12BA /* Helpers.swift in Sources */,
				B6FBF04F29C60D61002CF067 /* CameraViewController.swift in Sources */,
				B6FBF05329C60DB5002CF067 /* FireWorks.swift in Sources */,
				B6AC8E9929C52E6D00B0DCC4 /* ContentView.swift in Sources */,
				B6AC8E9729C52E6D00B0DCC4 /* Rhythm_SnapApp.swift in Sources */,
			);
			runOnlyForDeploymentPostprocessing = 0;
		};
/* End PBXSourcesBuildPhase section */

/* Begin XCBuildConfiguration section */
		B6AC8E9F29C52E7000B0DCC4 /* Debug */ = {
			isa = XCBuildConfiguration;
			buildSettings = {
				ALWAYS_SEARCH_USER_PATHS = NO;
				CLANG_ANALYZER_NONNULL = YES;
				CLANG_ANALYZER_NUMBER_OBJECT_CONVERSION = YES_AGGRESSIVE;
				CLANG_CXX_LANGUAGE_STANDARD = "gnu++20";
				CLANG_ENABLE_MODULES = YES;
				CLANG_ENABLE_OBJC_ARC = YES;
				CLANG_ENABLE_OBJC_WEAK = YES;
				CLANG_WARN_BLOCK_CAPTURE_AUTORELEASING = YES;
				CLANG_WARN_BOOL_CONVERSION = YES;
				CLANG_WARN_COMMA = YES;
				CLANG_WARN_CONSTANT_CONVERSION = YES;
				CLANG_WARN_DEPRECATED_OBJC_IMPLEMENTATIONS = YES;
				CLANG_WARN_DIRECT_OBJC_ISA_USAGE = YES_ERROR;
				CLANG_WARN_DOCUMENTATION_COMMENTS = YES;
				CLANG_WARN_EMPTY_BODY = YES;
				CLANG_WARN_ENUM_CONVERSION = YES;
				CLANG_WARN_INFINITE_RECURSION = YES;
				CLANG_WARN_INT_CONVERSION = YES;
				CLANG_WARN_NON_LITERAL_NULL_CONVERSION = YES;
				CLANG_WARN_OBJC_IMPLICIT_RETAIN_SELF = YES;
				CLANG_WARN_OBJC_LITERAL_CONVERSION = YES;
				CLANG_WARN_OBJC_ROOT_CLASS = YES_ERROR;
				CLANG_WARN_QUOTED_INCLUDE_IN_FRAMEWORK_HEADER = YES;
				CLANG_WARN_RANGE_LOOP_ANALYSIS = YES;
				CLANG_WARN_STRICT_PROTOTYPES = YES;
				CLANG_WARN_SUSPICIOUS_MOVE = YES;
				CLANG_WARN_UNGUARDED_AVAILABILITY = YES_AGGRESSIVE;
				CLANG_WARN_UNREACHABLE_CODE = YES;
				CLANG_WARN__DUPLICATE_METHOD_MATCH = YES;
				COPY_PHASE_STRIP = NO;
				DEBUG_INFORMATION_FORMAT = dwarf;
				ENABLE_STRICT_OBJC_MSGSEND = YES;
				ENABLE_TESTABILITY = YES;
				GCC_C_LANGUAGE_STANDARD = gnu11;
				GCC_DYNAMIC_NO_PIC = NO;
				GCC_NO_COMMON_BLOCKS = YES;
				GCC_OPTIMIZATION_LEVEL = 0;
				GCC_PREPROCESSOR_DEFINITIONS = (
					"DEBUG=1",
					"$(inherited)",
				);
				GCC_WARN_64_TO_32_BIT_CONVERSION = YES;
				GCC_WARN_ABOUT_RETURN_TYPE = YES_ERROR;
				GCC_WARN_UNDECLARED_SELECTOR = YES;
				GCC_WARN_UNINITIALIZED_AUTOS = YES_AGGRESSIVE;
				GCC_WARN_UNUSED_FUNCTION = YES;
				GCC_WARN_UNUSED_VARIABLE = YES;
				IPHONEOS_DEPLOYMENT_TARGET = 16.2;
				MTL_ENABLE_DEBUG_INFO = INCLUDE_SOURCE;
				MTL_FAST_MATH = YES;
				ONLY_ACTIVE_ARCH = YES;
				SDKROOT = iphoneos;
				SWIFT_ACTIVE_COMPILATION_CONDITIONS = DEBUG;
				SWIFT_OPTIMIZATION_LEVEL = "-Onone";
			};
			name = Debug;
		};
		B6AC8EA029C52E7000B0DCC4 /* Release */ = {
			isa = XCBuildConfiguration;
			buildSettings = {
				ALWAYS_SEARCH_USER_PATHS = NO;
				CLANG_ANALYZER_NONNULL = YES;
				CLANG_ANALYZER_NUMBER_OBJECT_CONVERSION = YES_AGGRESSIVE;
				CLANG_CXX_LANGUAGE_STANDARD = "gnu++20";
				CLANG_ENABLE_MODULES = YES;
				CLANG_ENABLE_OBJC_ARC = YES;
				CLANG_ENABLE_OBJC_WEAK = YES;
				CLANG_WARN_BLOCK_CAPTURE_AUTORELEASING = YES;
				CLANG_WARN_BOOL_CONVERSION = YES;
				CLANG_WARN_COMMA = YES;
				CLANG_WARN_CONSTANT_CONVERSION = YES;
				CLANG_WARN_DEPRECATED_OBJC_IMPLEMENTATIONS = YES;
				CLANG_WARN_DIRECT_OBJC_ISA_USAGE = YES_ERROR;
				CLANG_WARN_DOCUMENTATION_COMMENTS = YES;
				CLANG_WARN_EMPTY_BODY = YES;
				CLANG_WARN_ENUM_CONVERSION = YES;
				CLANG_WARN_INFINITE_RECURSION = YES;
				CLANG_WARN_INT_CONVERSION = YES;
				CLANG_WARN_NON_LITERAL_NULL_CONVERSION = YES;
				CLANG_WARN_OBJC_IMPLICIT_RETAIN_SELF = YES;
				CLANG_WARN_OBJC_LITERAL_CONVERSION = YES;
				CLANG_WARN_OBJC_ROOT_CLASS = YES_ERROR;
				CLANG_WARN_QUOTED_INCLUDE_IN_FRAMEWORK_HEADER = YES;
				CLANG_WARN_RANGE_LOOP_ANALYSIS = YES;
				CLANG_WARN_STRICT_PROTOTYPES = YES;
				CLANG_WARN_SUSPICIOUS_MOVE = YES;
				CLANG_WARN_UNGUARDED_AVAILABILITY = YES_AGGRESSIVE;
				CLANG_WARN_UNREACHABLE_CODE = YES;
				CLANG_WARN__DUPLICATE_METHOD_MATCH = YES;
				COPY_PHASE_STRIP = NO;
				DEBUG_INFORMATION_FORMAT = "dwarf-with-dsym";
				ENABLE_NS_ASSERTIONS = NO;
				ENABLE_STRICT_OBJC_MSGSEND = YES;
				GCC_C_LANGUAGE_STANDARD = gnu11;
				GCC_NO_COMMON_BLOCKS = YES;
				GCC_WARN_64_TO_32_BIT_CONVERSION = YES;
				GCC_WARN_ABOUT_RETURN_TYPE = YES_ERROR;
				GCC_WARN_UNDECLARED_SELECTOR = YES;
				GCC_WARN_UNINITIALIZED_AUTOS = YES_AGGRESSIVE;
				GCC_WARN_UNUSED_FUNCTION = YES;
				GCC_WARN_UNUSED_VARIABLE = YES;
				IPHONEOS_DEPLOYMENT_TARGET = 16.2;
				MTL_ENABLE_DEBUG_INFO = NO;
				MTL_FAST_MATH = YES;
				SDKROOT = iphoneos;
				SWIFT_COMPILATION_MODE = wholemodule;
				SWIFT_OPTIMIZATION_LEVEL = "-O";
				VALIDATE_PRODUCT = YES;
			};
			name = Release;
		};
		B6AC8EA229C52E7000B0DCC4 /* Debug */ = {
			isa = XCBuildConfiguration;
			buildSettings = {
				ASSETCATALOG_COMPILER_APPICON_NAME = AppIcon;
				ASSETCATALOG_COMPILER_GLOBAL_ACCENT_COLOR_NAME = AccentColor;
				CODE_SIGN_STYLE = Automatic;
				CURRENT_PROJECT_VERSION = 1;
				DEVELOPMENT_ASSET_PATHS = "\"Rhythm Snap/Preview Content\"";
				DEVELOPMENT_TEAM = 5UJL58M7XY;
				ENABLE_PREVIEWS = YES;
				GENERATE_INFOPLIST_FILE = YES;
				INFOPLIST_KEY_NSCameraUsageDescription = "$(PRODUCT_NAME) This is a Vision Expirence and needs to see to work. \\n :D";
				INFOPLIST_KEY_UIApplicationSceneManifest_Generation = YES;
				INFOPLIST_KEY_UIApplicationSupportsIndirectInputEvents = YES;
				INFOPLIST_KEY_UILaunchScreen_Generation = YES;
				INFOPLIST_KEY_UISupportedInterfaceOrientations_iPad = "UIInterfaceOrientationPortrait UIInterfaceOrientationPortraitUpsideDown UIInterfaceOrientationLandscapeLeft UIInterfaceOrientationLandscapeRight";
				INFOPLIST_KEY_UISupportedInterfaceOrientations_iPhone = "UIInterfaceOrientationPortrait UIInterfaceOrientationLandscapeLeft UIInterfaceOrientationLandscapeRight";
				LD_RUNPATH_SEARCH_PATHS = (
					"$(inherited)",
					"@executable_path/Frameworks",
				);
				MARKETING_VERSION = 1.0;
				PRODUCT_BUNDLE_IDENTIFIER = "Rad.Mugen.Rhythm-Snap";
				PRODUCT_NAME = "$(TARGET_NAME)";
				SWIFT_EMIT_LOC_STRINGS = YES;
				SWIFT_VERSION = 5.0;
				TARGETED_DEVICE_FAMILY = "1,2";
			};
			name = Debug;
		};
		B6AC8EA329C52E7000B0DCC4 /* Release */ = {
			isa = XCBuildConfiguration;
			buildSettings = {
				ASSETCATALOG_COMPILER_APPICON_NAME = AppIcon;
				ASSETCATALOG_COMPILER_GLOBAL_ACCENT_COLOR_NAME = AccentColor;
				CODE_SIGN_STYLE = Automatic;
				CURRENT_PROJECT_VERSION = 1;
				DEVELOPMENT_ASSET_PATHS = "\"Rhythm Snap/Preview Content\"";
				DEVELOPMENT_TEAM = 5UJL58M7XY;
				ENABLE_PREVIEWS = YES;
				GENERATE_INFOPLIST_FILE = YES;
				INFOPLIST_KEY_NSCameraUsageDescription = "$(PRODUCT_NAME) This is a Vision Expirence and needs to see to work. \\n :D";
				INFOPLIST_KEY_UIApplicationSceneManifest_Generation = YES;
				INFOPLIST_KEY_UIApplicationSupportsIndirectInputEvents = YES;
				INFOPLIST_KEY_UILaunchScreen_Generation = YES;
				INFOPLIST_KEY_UISupportedInterfaceOrientations_iPad = "UIInterfaceOrientationPortrait UIInterfaceOrientationPortraitUpsideDown UIInterfaceOrientationLandscapeLeft UIInterfaceOrientationLandscapeRight";
				INFOPLIST_KEY_UISupportedInterfaceOrientations_iPhone = "UIInterfaceOrientationPortrait UIInterfaceOrientationLandscapeLeft UIInterfaceOrientationLandscapeRight";
				LD_RUNPATH_SEARCH_PATHS = (
					"$(inherited)",
					"@executable_path/Frameworks",
				);
				MARKETING_VERSION = 1.0;
				PRODUCT_BUNDLE_IDENTIFIER = "Rad.Mugen.Rhythm-Snap";
				PRODUCT_NAME = "$(TARGET_NAME)";
				SWIFT_EMIT_LOC_STRINGS = YES;
				SWIFT_VERSION = 5.0;
				TARGETED_DEVICE_FAMILY = "1,2";
			};
			name = Release;
		};
/* End XCBuildConfiguration section */

/* Begin XCConfigurationList section */
		B6AC8E8E29C52E6D00B0DCC4 /* Build configuration list for PBXProject "Rhythm Snap" */ = {
			isa = XCConfigurationList;
			buildConfigurations = (
				B6AC8E9F29C52E7000B0DCC4 /* Debug */,
				B6AC8EA029C52E7000B0DCC4 /* Release */,
			);
			defaultConfigurationIsVisible = 0;
			defaultConfigurationName = Release;
		};
		B6AC8EA129C52E7000B0DCC4 /* Build configuration list for PBXNativeTarget "Rhythm Snap" */ = {
			isa = XCConfigurationList;
			buildConfigurations = (
				B6AC8EA229C52E7000B0DCC4 /* Debug */,
				B6AC8EA329C52E7000B0DCC4 /* Release */,
			);
			defaultConfigurationIsVisible = 0;
			defaultConfigurationName = Release;
		};
/* End XCConfigurationList section */
	};
	rootObject = B6AC8E8B29C52E6D00B0DCC4 /* Project object */;
}
